
Microsoft Visual Studio Solution File, Format Version 12.00
# Visual Studio 15
VisualStudioVersion = 15.0.27130.2027
MinimumVisualStudioVersion = 10.0.40219.1
Project("{FAE04EC0-301F-11D3-BF4B-00C04F79EFBC}") = "MagickConvert", "MagickConvert\MagickConvert.csproj", "{78E28B37-EA48-48DF-A302-BE488FC8C0D7}"
EndProject
Global
	GlobalSection(SolutionConfigurationPlatforms) = preSolution
		Debug|Any CPU = Debug|Any CPU
		Release|Any CPU = Release|Any CPU
	EndGlobalSection
	GlobalSection(ProjectConfigurationPlatforms) = postSolution
		{78E28B37-EA48-48DF-A302-BE488FC8C0D7}.Debug|Any CPU.ActiveCfg = Debug|Any CPU
		{78E28B37-EA48-48DF-A302-BE488FC8C0D7}.Debug|Any CPU.Build.0 = Debug|Any CPU
		{78E28B37-EA48-48DF-A302-BE488FC8C0D7}.Release|Any CPU.ActiveCfg = Release|Any CPU
		{78E28B37-EA48-48DF-A302-BE488FC8C0D7}.Release|Any CPU.Build.0 = Release|Any CPU
	EndGlobalSection
	GlobalSection(SolutionProperties) = preSolution
		HideSolutionNode = FALSE
	EndGlobalSection
	GlobalSection(ExtensibilityGlobals) = postSolution
		SolutionGuid = {EEBCF7CC-8E29-420B-9E03-17A8F4C5EC9A}
	EndGlobalSection
EndGlobal
